
Microsoft Visual Studio Solution File, Format Version 12.00
# Visual Studio 15
VisualStudioVersion = 15.0.28010.2016
MinimumVisualStudioVersion = 10.0.40219.1
Project("{FAE04EC0-301F-11D3-BF4B-00C04F79EFBC}") = "Forms.HelloWorld.Android", "Forms.HelloWorld\Forms.HelloWorld.Android\Forms.HelloWorld.Android.csproj", "{81FEA4BE-F7A7-4042-A90E-3B33669F3A7A}"
EndProject
Project("{FAE04EC0-301F-11D3-BF4B-00C04F79EFBC}") = "Forms.HelloWorld.iOS", "Forms.HelloWorld\Forms.HelloWorld.iOS\Forms.HelloWorld.iOS.csproj", "{BFC26253-58F6-4D0D-A259-2579B3E61B19}"
EndProject
Project("{FAE04EC0-301F-11D3-BF4B-00C04F79EFBC}") = "Forms.HelloWorld", "Forms.HelloWorld\Forms.HelloWorld\Forms.HelloWorld.csproj", "{DF3D06AD-42DC-4C22-B45C-6240364030A4}"
EndProject
Project("{FAE04EC0-301F-11D3-BF4B-00C04F79EFBC}") = "HelloWorld.Test", "HelloWorld.Test\HelloWorld.Test.csproj", "{A4304C9D-4718-4BA0-A3D5-9954680F477D}"
EndProject
Global
	GlobalSection(SolutionConfigurationPlatforms) = preSolution
		Ad-Hoc|Any CPU = Ad-Hoc|Any CPU
		Ad-Hoc|iPhone = Ad-Hoc|iPhone
		Ad-Hoc|iPhoneSimulator = Ad-Hoc|iPhoneSimulator
		AppStore|Any CPU = AppStore|Any CPU
		AppStore|iPhone = AppStore|iPhone
		AppStore|iPhoneSimulator = AppStore|iPhoneSimulator
		Debug|Any CPU = Debug|Any CPU
		Debug|iPhone = Debug|iPhone
		Debug|iPhoneSimulator = Debug|iPhoneSimulator
		Release|Any CPU = Release|Any CPU
		Release|iPhone = Release|iPhone
		Release|iPhoneSimulator = Release|iPhoneSimulator
	EndGlobalSection
	GlobalSection(ProjectConfigurationPlatforms) = postSolution
		{81FEA4BE-F7A7-4042-A90E-3B33669F3A7A}.Ad-Hoc|Any CPU.ActiveCfg = Release|Any CPU
		{81FEA4BE-F7A7-4042-A90E-3B33669F3A7A}.Ad-Hoc|Any CPU.Build.0 = Release|Any CPU
		{81FEA4BE-F7A7-4042-A90E-3B33669F3A7A}.Ad-Hoc|Any CPU.Deploy.0 = Release|Any CPU
		{81FEA4BE-F7A7-4042-A90E-3B33669F3A7A}.Ad-Hoc|iPhone.ActiveCfg = Release|Any CPU
		{81FEA4BE-F7A7-4042-A90E-3B33669F3A7A}.Ad-Hoc|iPhone.Build.0 = Release|Any CPU
		{81FEA4BE-F7A7-4042-A90E-3B33669F3A7A}.Ad-Hoc|iPhone.Deploy.0 = Release|Any CPU
		{81FEA4BE-F7A7-4042-A90E-3B33669F3A7A}.Ad-Hoc|iPhoneSimulator.ActiveCfg = Release|Any CPU
		{81FEA4BE-F7A7-4042-A90E-3B33669F3A7A}.Ad-Hoc|iPhoneSimulator.Build.0 = Release|Any CPU
		{81FEA4BE-F7A7-4042-A90E-3B33669F3A7A}.Ad-Hoc|iPhoneSimulator.Deploy.0 = Release|Any CPU
		{81FEA4BE-F7A7-4042-A90E-3B33669F3A7A}.AppStore|Any CPU.ActiveCfg = Release|Any CPU
		{81FEA4BE-F7A7-4042-A90E-3B33669F3A7A}.AppStore|Any CPU.Build.0 = Release|Any CPU
		{81FEA4BE-F7A7-4042-A90E-3B33669F3A7A}.AppStore|Any CPU.Deploy.0 = Release|Any CPU
		{81FEA4BE-F7A7-4042-A90E-3B33669F3A7A}.AppStore|iPhone.ActiveCfg = Release|Any CPU
		{81FEA4BE-F7A7-4042-A90E-3B33669F3A7A}.AppStore|iPhone.Build.0 = Release|Any CPU
		{81FEA4BE-F7A7-4042-A90E-3B33669F3A7A}.AppStore|iPhone.Deploy.0 = Release|Any CPU
		{81FEA4BE-F7A7-4042-A90E-3B33669F3A7A}.AppStore|iPhoneSimulator.ActiveCfg = Release|Any CPU
		{81FEA4BE-F7A7-4042-A90E-3B33669F3A7A}.AppStore|iPhoneSimulator.Build.0 = Release|Any CPU
		{81FEA4BE-F7A7-4042-A90E-3B33669F3A7A}.AppStore|iPhoneSimulator.Deploy.0 = Release|Any CPU
		{81FEA4BE-F7A7-4042-A90E-3B33669F3A7A}.Debug|Any CPU.ActiveCfg = Debug|Any CPU
		{81FEA4BE-F7A7-4042-A90E-3B33669F3A7A}.Debug|Any CPU.Build.0 = Debug|Any CPU
		{81FEA4BE-F7A7-4042-A90E-3B33669F3A7A}.Debug|Any CPU.Deploy.0 = Debug|Any CPU
		{81FEA4BE-F7A7-4042-A90E-3B33669F3A7A}.Debug|iPhone.ActiveCfg = Debug|Any CPU
		{81FEA4BE-F7A7-4042-A90E-3B33669F3A7A}.Debug|iPhone.Build.0 = Debug|Any CPU
		{81FEA4BE-F7A7-4042-A90E-3B33669F3A7A}.Debug|iPhone.Deploy.0 = Debug|Any CPU
		{81FEA4BE-F7A7-4042-A90E-3B33669F3A7A}.Debug|iPhoneSimulator.ActiveCfg = Debug|Any CPU
		{81FEA4BE-F7A7-4042-A90E-3B33669F3A7A}.Debug|iPhoneSimulator.Build.0 = Debug|Any CPU
		{81FEA4BE-F7A7-4042-A90E-3B33669F3A7A}.Debug|iPhoneSimulator.Deploy.0 = Debug|Any CPU
		{81FEA4BE-F7A7-4042-A90E-3B33669F3A7A}.Release|Any CPU.ActiveCfg = Release|Any CPU
		{81FEA4BE-F7A7-4042-A90E-3B33669F3A7A}.Release|Any CPU.Build.0 = Release|Any CPU
		{81FEA4BE-F7A7-4042-A90E-3B33669F3A7A}.Release|Any CPU.Deploy.0 = Release|Any CPU
		{81FEA4BE-F7A7-4042-A90E-3B33669F3A7A}.Release|iPhone.ActiveCfg = Release|Any CPU
		{81FEA4BE-F7A7-4042-A90E-3B33669F3A7A}.Release|iPhone.Build.0 = Release|Any CPU
		{81FEA4BE-F7A7-4042-A90E-3B33669F3A7A}.Release|iPhone.Deploy.0 = Release|Any CPU
		{81FEA4BE-F7A7-4042-A90E-3B33669F3A7A}.Release|iPhoneSimulator.ActiveCfg = Release|Any CPU
		{81FEA4BE-F7A7-4042-A90E-3B33669F3A7A}.Release|iPhoneSimulator.Build.0 = Release|Any CPU
		{81FEA4BE-F7A7-4042-A90E-3B33669F3A7A}.Release|iPhoneSimulator.Deploy.0 = Release|Any CPU
		{BFC26253-58F6-4D0D-A259-2579B3E61B19}.Ad-Hoc|Any CPU.ActiveCfg = Ad-Hoc|iPhone
		{BFC26253-58F6-4D0D-A259-2579B3E61B19}.Ad-Hoc|Any CPU.Build.0 = Ad-Hoc|iPhone
		{BFC26253-58F6-4D0D-A259-2579B3E61B19}.Ad-Hoc|Any CPU.Deploy.0 = Ad-Hoc|iPhone
		{BFC26253-58F6-4D0D-A259-2579B3E61B19}.Ad-Hoc|iPhone.ActiveCfg = Ad-Hoc|iPhone
		{BFC26253-58F6-4D0D-A259-2579B3E61B19}.Ad-Hoc|iPhone.Build.0 = Ad-Hoc|iPhone
		{BFC26253-58F6-4D0D-A259-2579B3E61B19}.Ad-Hoc|iPhone.Deploy.0 = Ad-Hoc|iPhone
		{BFC26253-58F6-4D0D-A259-2579B3E61B19}.Ad-Hoc|iPhoneSimulator.ActiveCfg = Ad-Hoc|iPhoneSimulator
		{BFC26253-58F6-4D0D-A259-2579B3E61B19}.Ad-Hoc|iPhoneSimulator.Build.0 = Ad-Hoc|iPhoneSimulator
		{BFC26253-58F6-4D0D-A259-2579B3E61B19}.Ad-Hoc|iPhoneSimulator.Deploy.0 = Ad-Hoc|iPhoneSimulator
		{BFC26253-58F6-4D0D-A259-2579B3E61B19}.AppStore|Any CPU.ActiveCfg = AppStore|iPhone
		{BFC26253-58F6-4D0D-A259-2579B3E61B19}.AppStore|Any CPU.Build.0 = AppStore|iPhone
		{BFC26253-58F6-4D0D-A259-2579B3E61B19}.AppStore|Any CPU.Deploy.0 = AppStore|iPhone
		{BFC26253-58F6-4D0D-A259-2579B3E61B19}.AppStore|iPhone.ActiveCfg = AppStore|iPhone
		{BFC26253-58F6-4D0D-A259-2579B3E61B19}.AppStore|iPhone.Build.0 = AppStore|iPhone
		{BFC26253-58F6-4D0D-A259-2579B3E61B19}.AppStore|iPhone.Deploy.0 = AppStore|iPhone
		{BFC26253-58F6-4D0D-A259-2579B3E61B19}.AppStore|iPhoneSimulator.ActiveCfg = AppStore|iPhoneSimulator
		{BFC26253-58F6-4D0D-A259-2579B3E61B19}.AppStore|iPhoneSimulator.Build.0 = AppStore|iPhoneSimulator
		{BFC26253-58F6-4D0D-A259-2579B3E61B19}.AppStore|iPhoneSimulator.Deploy.0 = AppStore|iPhoneSimulator
		{BFC26253-58F6-4D0D-A259-2579B3E61B19}.Debug|Any CPU.ActiveCfg = Debug|iPhoneSimulator
		{BFC26253-58F6-4D0D-A259-2579B3E61B19}.Debug|Any CPU.Build.0 = Debug|iPhoneSimulator
		{BFC26253-58F6-4D0D-A259-2579B3E61B19}.Debug|Any CPU.Deploy.0 = Debug|iPhoneSimulator
		{BFC26253-58F6-4D0D-A259-2579B3E61B19}.Debug|iPhone.ActiveCfg = Debug|iPhone
		{BFC26253-58F6-4D0D-A259-2579B3E61B19}.Debug|iPhone.Build.0 = Debug|iPhone
		{BFC26253-58F6-4D0D-A259-2579B3E61B19}.Debug|iPhone.Deploy.0 = Debug|iPhone
		{BFC26253-58F6-4D0D-A259-2579B3E61B19}.Debug|iPhoneSimulator.ActiveCfg = Debug|iPhoneSimulator
		{BFC26253-58F6-4D0D-A259-2579B3E61B19}.Debug|iPhoneSimulator.Build.0 = Debug|iPhoneSimulator
		{BFC26253-58F6-4D0D-A259-2579B3E61B19}.Debug|iPhoneSimulator.Deploy.0 = Debug|iPhoneSimulator
		{BFC26253-58F6-4D0D-A259-2579B3E61B19}.Release|Any CPU.ActiveCfg = Release|iPhone
		{BFC26253-58F6-4D0D-A259-2579B3E61B19}.Release|Any CPU.Build.0 = Release|iPhone
		{BFC26253-58F6-4D0D-A259-2579B3E61B19}.Release|Any CPU.Deploy.0 = Release|iPhone
		{BFC26253-58F6-4D0D-A259-2579B3E61B19}.Release|iPhone.ActiveCfg = Release|iPhone
		{BFC26253-58F6-4D0D-A259-2579B3E61B19}.Release|iPhone.Build.0 = Release|iPhone
		{BFC26253-58F6-4D0D-A259-2579B3E61B19}.Release|iPhone.Deploy.0 = Release|iPhone
		{BFC26253-58F6-4D0D-A259-2579B3E61B19}.Release|iPhoneSimulator.ActiveCfg = Release|iPhoneSimulator
		{BFC26253-58F6-4D0D-A259-2579B3E61B19}.Release|iPhoneSimulator.Build.0 = Release|iPhoneSimulator
		{BFC26253-58F6-4D0D-A259-2579B3E61B19}.Release|iPhoneSimulator.Deploy.0 = Release|iPhoneSimulator
		{DF3D06AD-42DC-4C22-B45C-6240364030A4}.Ad-Hoc|Any CPU.ActiveCfg = Debug|Any CPU
		{DF3D06AD-42DC-4C22-B45C-6240364030A4}.Ad-Hoc|Any CPU.Build.0 = Debug|Any CPU
		{DF3D06AD-42DC-4C22-B45C-6240364030A4}.Ad-Hoc|Any CPU.Deploy.0 = Debug|Any CPU
		{DF3D06AD-42DC-4C22-B45C-6240364030A4}.Ad-Hoc|iPhone.ActiveCfg = Debug|Any CPU
		{DF3D06AD-42DC-4C22-B45C-6240364030A4}.Ad-Hoc|iPhone.Build.0 = Debug|Any CPU
		{DF3D06AD-42DC-4C22-B45C-6240364030A4}.Ad-Hoc|iPhone.Deploy.0 = Debug|Any CPU
		{DF3D06AD-42DC-4C22-B45C-6240364030A4}.Ad-Hoc|iPhoneSimulator.ActiveCfg = Debug|Any CPU
		{DF3D06AD-42DC-4C22-B45C-6240364030A4}.Ad-Hoc|iPhoneSimulator.Build.0 = Debug|Any CPU
		{DF3D06AD-42DC-4C22-B45C-6240364030A4}.Ad-Hoc|iPhoneSimulator.Deploy.0 = Debug|Any CPU
		{DF3D06AD-42DC-4C22-B45C-6240364030A4}.AppStore|Any CPU.ActiveCfg = Debug|Any CPU
		{DF3D06AD-42DC-4C22-B45C-6240364030A4}.AppStore|Any CPU.Build.0 = Debug|Any CPU
		{DF3D06AD-42DC-4C22-B45C-6240364030A4}.AppStore|Any CPU.Deploy.0 = Debug|Any CPU
		{DF3D06AD-42DC-4C22-B45C-6240364030A4}.AppStore|iPhone.ActiveCfg = Debug|Any CPU
		{DF3D06AD-42DC-4C22-B45C-6240364030A4}.AppStore|iPhone.Build.0 = Debug|Any CPU
		{DF3D06AD-42DC-4C22-B45C-6240364030A4}.AppStore|iPhone.Deploy.0 = Debug|Any CPU
		{DF3D06AD-42DC-4C22-B45C-6240364030A4}.AppStore|iPhoneSimulator.ActiveCfg = Debug|Any CPU
		{DF3D06AD-42DC-4C22-B45C-6240364030A4}.AppStore|iPhoneSimulator.Build.0 = Debug|Any CPU
		{DF3D06AD-42DC-4C22-B45C-6240364030A4}.AppStore|iPhoneSimulator.Deploy.0 = Debug|Any CPU
		{DF3D06AD-42DC-4C22-B45C-6240364030A4}.Debug|Any CPU.ActiveCfg = Debug|Any CPU
		{DF3D06AD-42DC-4C22-B45C-6240364030A4}.Debug|Any CPU.Build.0 = Debug|Any CPU
		{DF3D06AD-42DC-4C22-B45C-6240364030A4}.Debug|Any CPU.Deploy.0 = Debug|Any CPU
		{DF3D06AD-42DC-4C22-B45C-6240364030A4}.Debug|iPhone.ActiveCfg = Debug|Any CPU
		{DF3D06AD-42DC-4C22-B45C-6240364030A4}.Debug|iPhone.Build.0 = Debug|Any CPU
		{DF3D06AD-42DC-4C22-B45C-6240364030A4}.Debug|iPhone.Deploy.0 = Debug|Any CPU
		{DF3D06AD-42DC-4C22-B45C-6240364030A4}.Debug|iPhoneSimulator.ActiveCfg = Debug|Any CPU
		{DF3D06AD-42DC-4C22-B45C-6240364030A4}.Debug|iPhoneSimulator.Build.0 = Debug|Any CPU
		{DF3D06AD-42DC-4C22-B45C-6240364030A4}.Debug|iPhoneSimulator.Deploy.0 = Debug|Any CPU
		{DF3D06AD-42DC-4C22-B45C-6240364030A4}.Release|Any CPU.ActiveCfg = Release|Any CPU
		{DF3D06AD-42DC-4C22-B45C-6240364030A4}.Release|Any CPU.Build.0 = Release|Any CPU
		{DF3D06AD-42DC-4C22-B45C-6240364030A4}.Release|Any CPU.Deploy.0 = Release|Any CPU
		{DF3D06AD-42DC-4C22-B45C-6240364030A4}.Release|iPhone.ActiveCfg = Release|Any CPU
		{DF3D06AD-42DC-4C22-B45C-6240364030A4}.Release|iPhone.Build.0 = Release|Any CPU
		{DF3D06AD-42DC-4C22-B45C-6240364030A4}.Release|iPhone.Deploy.0 = Release|Any CPU
		{DF3D06AD-42DC-4C22-B45C-6240364030A4}.Release|iPhoneSimulator.ActiveCfg = Release|Any CPU
		{DF3D06AD-42DC-4C22-B45C-6240364030A4}.Release|iPhoneSimulator.Build.0 = Release|Any CPU
		{DF3D06AD-42DC-4C22-B45C-6240364030A4}.Release|iPhoneSimulator.Deploy.0 = Release|Any CPU
		{A4304C9D-4718-4BA0-A3D5-9954680F477D}.Ad-Hoc|Any CPU.ActiveCfg = Release|Any CPU
		{A4304C9D-4718-4BA0-A3D5-9954680F477D}.Ad-Hoc|Any CPU.Build.0 = Release|Any CPU
		{A4304C9D-4718-4BA0-A3D5-9954680F477D}.Ad-Hoc|iPhone.ActiveCfg = Release|Any CPU
		{A4304C9D-4718-4BA0-A3D5-9954680F477D}.Ad-Hoc|iPhone.Build.0 = Release|Any CPU
		{A4304C9D-4718-4BA0-A3D5-9954680F477D}.Ad-Hoc|iPhoneSimulator.ActiveCfg = Release|Any CPU
		{A4304C9D-4718-4BA0-A3D5-9954680F477D}.Ad-Hoc|iPhoneSimulator.Build.0 = Release|Any CPU
		{A4304C9D-4718-4BA0-A3D5-9954680F477D}.AppStore|Any CPU.ActiveCfg = Release|Any CPU
		{A4304C9D-4718-4BA0-A3D5-9954680F477D}.AppStore|Any CPU.Build.0 = Release|Any CPU
		{A4304C9D-4718-4BA0-A3D5-9954680F477D}.AppStore|iPhone.ActiveCfg = Release|Any CPU
		{A4304C9D-4718-4BA0-A3D5-9954680F477D}.AppStore|iPhone.Build.0 = Release|Any CPU
		{A4304C9D-4718-4BA0-A3D5-9954680F477D}.AppStore|iPhoneSimulator.ActiveCfg = Release|Any CPU
		{A4304C9D-4718-4BA0-A3D5-9954680F477D}.AppStore|iPhoneSimulator.Build.0 = Release|Any CPU
		{A4304C9D-4718-4BA0-A3D5-9954680F477D}.Debug|Any CPU.ActiveCfg = Debug|Any CPU
		{A4304C9D-4718-4BA0-A3D5-9954680F477D}.Debug|Any CPU.Build.0 = Debug|Any CPU
		{A4304C9D-4718-4BA0-A3D5-9954680F477D}.Debug|iPhone.ActiveCfg = Debug|Any CPU
		{A4304C9D-4718-4BA0-A3D5-9954680F477D}.Debug|iPhone.Build.0 = Debug|Any CPU
		{A4304C9D-4718-4BA0-A3D5-9954680F477D}.Debug|iPhoneSimulator.ActiveCfg = Debug|Any CPU
		{A4304C9D-4718-4BA0-A3D5-9954680F477D}.Debug|iPhoneSimulator.Build.0 = Debug|Any CPU
		{A4304C9D-4718-4BA0-A3D5-9954680F477D}.Release|Any CPU.ActiveCfg = Release|Any CPU
		{A4304C9D-4718-4BA0-A3D5-9954680F477D}.Release|Any CPU.Build.0 = Release|Any CPU
		{A4304C9D-4718-4BA0-A3D5-9954680F477D}.Release|iPhone.ActiveCfg = Release|Any CPU
		{A4304C9D-4718-4BA0-A3D5-9954680F477D}.Release|iPhone.Build.0 = Release|Any CPU
		{A4304C9D-4718-4BA0-A3D5-9954680F477D}.Release|iPhoneSimulator.ActiveCfg = Release|Any CPU
		{A4304C9D-4718-4BA0-A3D5-9954680F477D}.Release|iPhoneSimulator.Build.0 = Release|Any CPU
	EndGlobalSection
	GlobalSection(SolutionProperties) = preSolution
		HideSolutionNode = FALSE
	EndGlobalSection
	GlobalSection(ExtensibilityGlobals) = postSolution
		SolutionGuid = {54CFEB67-D50E-4C87-BE88-411B81AE6CF6}
	EndGlobalSection
EndGlobal
